
Microsoft Visual Studio Solution File, Format Version 12.00
# Visual Studio 15
VisualStudioVersion = 15.0.28010.2019
MinimumVisualStudioVersion = 10.0.40219.1
Project("{FAE04EC0-301F-11D3-BF4B-00C04F79EFBC}") = "Mathys.Android", "Mathys\Mathys.Android\Mathys.Android.csproj", "{073940B1-B77A-4F56-82F1-EC5513BD1392}"
EndProject
Project("{FAE04EC0-301F-11D3-BF4B-00C04F79EFBC}") = "Mathys.iOS", "Mathys\Mathys.iOS\Mathys.iOS.csproj", "{EED1133A-F471-4B15-89C8-9F92AF63CFD7}"
EndProject
Project("{FAE04EC0-301F-11D3-BF4B-00C04F79EFBC}") = "Mathys.UWP", "Mathys\Mathys.UWP\Mathys.UWP.csproj", "{3340CC41-192B-43C8-8316-9D3E8F0477BB}"
EndProject
Project("{9A19103F-16F7-4668-BE54-9A1E7A4F7556}") = "Mathys", "Mathys\Mathys\Mathys.csproj", "{4E1962BC-63B7-4925-8395-A85205CF6D80}"
EndProject
Project("{2150E333-8FDC-42A3-9474-1A3956D46DE8}") = "Mobile", "Mobile", "{DA4C7992-185C-463F-A38C-D06BE7F6E460}"
EndProject
Project("{9A19103F-16F7-4668-BE54-9A1E7A4F7556}") = "Mathys.CustomControles", "Mathys.CustomControles\Mathys.CustomControles.csproj", "{C366C149-61B9-4757-830F-40A9F8FCFB48}"
EndProject
Project("{9A19103F-16F7-4668-BE54-9A1E7A4F7556}") = "Mathys.Controllers", "Mathys.Controllers\Mathys.Controllers.csproj", "{6C68077B-133C-4FFA-A3A5-78B6AB928A15}"
EndProject
Project("{9A19103F-16F7-4668-BE54-9A1E7A4F7556}") = "Mathys.Services", "Mathys.Services\Mathys.Services.csproj", "{F02A9927-2EC8-4A4A-A8A4-427B4F9CBCD1}"
EndProject
Project("{9A19103F-16F7-4668-BE54-9A1E7A4F7556}") = "Mathys.Models", "Mathys.Models\Mathys.Models.csproj", "{768D4CCB-B955-447B-924E-5A08FF3953F4}"
EndProject
Project("{9A19103F-16F7-4668-BE54-9A1E7A4F7556}") = "Mathys.DepenciesServices", "Mathys.DepenciesServices\Mathys.DepenciesServices.csproj", "{2B49EF39-6EA7-444F-BC92-AA7D52DA0390}"
EndProject
Project("{2150E333-8FDC-42A3-9474-1A3956D46DE8}") = "WebApi", "WebApi", "{F6D72A5E-C09D-49CC-BCD4-905B0BCDF4CC}"
EndProject
Project("{FAE04EC0-301F-11D3-BF4B-00C04F79EFBC}") = "Mathys.Api", "Mathys.Api\Mathys.Api.csproj", "{86AA1327-4AB8-44FD-94BC-35D00F49AC31}"
EndProject
Project("{FAE04EC0-301F-11D3-BF4B-00C04F79EFBC}") = "Mathys.Api.Models", "Mathys.Api.Models\Mathys.Api.Models.csproj", "{98320D14-37A7-41F5-816B-7C85DB1BCEBB}"
EndProject
Project("{FAE04EC0-301F-11D3-BF4B-00C04F79EFBC}") = "Mathys.Api.DB", "Mathys.Api.DB\Mathys.Api.DB.csproj", "{B7531473-A6E8-455F-9FA7-7CA2387BA76E}"
EndProject
Project("{2150E333-8FDC-42A3-9474-1A3956D46DE8}") = "kek", "kek", "{88DB2B72-F465-40FE-9E9A-0528198640DB}"
EndProject
Global
	GlobalSection(SolutionConfigurationPlatforms) = preSolution
		Ad-Hoc|Any CPU = Ad-Hoc|Any CPU
		Ad-Hoc|ARM = Ad-Hoc|ARM
		Ad-Hoc|iPhone = Ad-Hoc|iPhone
		Ad-Hoc|iPhoneSimulator = Ad-Hoc|iPhoneSimulator
		Ad-Hoc|x64 = Ad-Hoc|x64
		Ad-Hoc|x86 = Ad-Hoc|x86
		AppStore|Any CPU = AppStore|Any CPU
		AppStore|ARM = AppStore|ARM
		AppStore|iPhone = AppStore|iPhone
		AppStore|iPhoneSimulator = AppStore|iPhoneSimulator
		AppStore|x64 = AppStore|x64
		AppStore|x86 = AppStore|x86
		Debug|Any CPU = Debug|Any CPU
		Debug|ARM = Debug|ARM
		Debug|iPhone = Debug|iPhone
		Debug|iPhoneSimulator = Debug|iPhoneSimulator
		Debug|x64 = Debug|x64
		Debug|x86 = Debug|x86
		Release|Any CPU = Release|Any CPU
		Release|ARM = Release|ARM
		Release|iPhone = Release|iPhone
		Release|iPhoneSimulator = Release|iPhoneSimulator
		Release|x64 = Release|x64
		Release|x86 = Release|x86
	EndGlobalSection
	GlobalSection(ProjectConfigurationPlatforms) = postSolution
		{073940B1-B77A-4F56-82F1-EC5513BD1392}.Ad-Hoc|Any CPU.ActiveCfg = Release|Any CPU
		{073940B1-B77A-4F56-82F1-EC5513BD1392}.Ad-Hoc|Any CPU.Build.0 = Release|Any CPU
		{073940B1-B77A-4F56-82F1-EC5513BD1392}.Ad-Hoc|Any CPU.Deploy.0 = Release|Any CPU
		{073940B1-B77A-4F56-82F1-EC5513BD1392}.Ad-Hoc|ARM.ActiveCfg = Release|Any CPU
		{073940B1-B77A-4F56-82F1-EC5513BD1392}.Ad-Hoc|ARM.Build.0 = Release|Any CPU
		{073940B1-B77A-4F56-82F1-EC5513BD1392}.Ad-Hoc|ARM.Deploy.0 = Release|Any CPU
		{073940B1-B77A-4F56-82F1-EC5513BD1392}.Ad-Hoc|iPhone.ActiveCfg = Release|Any CPU
		{073940B1-B77A-4F56-82F1-EC5513BD1392}.Ad-Hoc|iPhone.Build.0 = Release|Any CPU
		{073940B1-B77A-4F56-82F1-EC5513BD1392}.Ad-Hoc|iPhone.Deploy.0 = Release|Any CPU
		{073940B1-B77A-4F56-82F1-EC5513BD1392}.Ad-Hoc|iPhoneSimulator.ActiveCfg = Release|Any CPU
		{073940B1-B77A-4F56-82F1-EC5513BD1392}.Ad-Hoc|iPhoneSimulator.Build.0 = Release|Any CPU
		{073940B1-B77A-4F56-82F1-EC5513BD1392}.Ad-Hoc|iPhoneSimulator.Deploy.0 = Release|Any CPU
		{073940B1-B77A-4F56-82F1-EC5513BD1392}.Ad-Hoc|x64.ActiveCfg = Release|Any CPU
		{073940B1-B77A-4F56-82F1-EC5513BD1392}.Ad-Hoc|x64.Build.0 = Release|Any CPU
		{073940B1-B77A-4F56-82F1-EC5513BD1392}.Ad-Hoc|x64.Deploy.0 = Release|Any CPU
		{073940B1-B77A-4F56-82F1-EC5513BD1392}.Ad-Hoc|x86.ActiveCfg = Release|Any CPU
		{073940B1-B77A-4F56-82F1-EC5513BD1392}.Ad-Hoc|x86.Build.0 = Release|Any CPU
		{073940B1-B77A-4F56-82F1-EC5513BD1392}.Ad-Hoc|x86.Deploy.0 = Release|Any CPU
		{073940B1-B77A-4F56-82F1-EC5513BD1392}.AppStore|Any CPU.ActiveCfg = Release|Any CPU
		{073940B1-B77A-4F56-82F1-EC5513BD1392}.AppStore|Any CPU.Build.0 = Release|Any CPU
		{073940B1-B77A-4F56-82F1-EC5513BD1392}.AppStore|Any CPU.Deploy.0 = Release|Any CPU
		{073940B1-B77A-4F56-82F1-EC5513BD1392}.AppStore|ARM.ActiveCfg = Release|Any CPU
		{073940B1-B77A-4F56-82F1-EC5513BD1392}.AppStore|ARM.Build.0 = Release|Any CPU
		{073940B1-B77A-4F56-82F1-EC5513BD1392}.AppStore|ARM.Deploy.0 = Release|Any CPU
		{073940B1-B77A-4F56-82F1-EC5513BD1392}.AppStore|iPhone.ActiveCfg = Release|Any CPU
		{073940B1-B77A-4F56-82F1-EC5513BD1392}.AppStore|iPhone.Build.0 = Release|Any CPU
		{073940B1-B77A-4F56-82F1-EC5513BD1392}.AppStore|iPhone.Deploy.0 = Release|Any CPU
		{073940B1-B77A-4F56-82F1-EC5513BD1392}.AppStore|iPhoneSimulator.ActiveCfg = Release|Any CPU
		{073940B1-B77A-4F56-82F1-EC5513BD1392}.AppStore|iPhoneSimulator.Build.0 = Release|Any CPU
		{073940B1-B77A-4F56-82F1-EC5513BD1392}.AppStore|iPhoneSimulator.Deploy.0 = Release|Any CPU
		{073940B1-B77A-4F56-82F1-EC5513BD1392}.AppStore|x64.ActiveCfg = Release|Any CPU
		{073940B1-B77A-4F56-82F1-EC5513BD1392}.AppStore|x64.Build.0 = Release|Any CPU
		{073940B1-B77A-4F56-82F1-EC5513BD1392}.AppStore|x64.Deploy.0 = Release|Any CPU
		{073940B1-B77A-4F56-82F1-EC5513BD1392}.AppStore|x86.ActiveCfg = Release|Any CPU
		{073940B1-B77A-4F56-82F1-EC5513BD1392}.AppStore|x86.Build.0 = Release|Any CPU
		{073940B1-B77A-4F56-82F1-EC5513BD1392}.AppStore|x86.Deploy.0 = Release|Any CPU
		{073940B1-B77A-4F56-82F1-EC5513BD1392}.Debug|Any CPU.ActiveCfg = Debug|Any CPU
		{073940B1-B77A-4F56-82F1-EC5513BD1392}.Debug|Any CPU.Build.0 = Debug|Any CPU
		{073940B1-B77A-4F56-82F1-EC5513BD1392}.Debug|Any CPU.Deploy.0 = Debug|Any CPU
		{073940B1-B77A-4F56-82F1-EC5513BD1392}.Debug|ARM.ActiveCfg = Debug|Any CPU
		{073940B1-B77A-4F56-82F1-EC5513BD1392}.Debug|ARM.Build.0 = Debug|Any CPU
		{073940B1-B77A-4F56-82F1-EC5513BD1392}.Debug|ARM.Deploy.0 = Debug|Any CPU
		{073940B1-B77A-4F56-82F1-EC5513BD1392}.Debug|iPhone.ActiveCfg = Debug|Any CPU
		{073940B1-B77A-4F56-82F1-EC5513BD1392}.Debug|iPhone.Build.0 = Debug|Any CPU
		{073940B1-B77A-4F56-82F1-EC5513BD1392}.Debug|iPhone.Deploy.0 = Debug|Any CPU
		{073940B1-B77A-4F56-82F1-EC5513BD1392}.Debug|iPhoneSimulator.ActiveCfg = Debug|Any CPU
		{073940B1-B77A-4F56-82F1-EC5513BD1392}.Debug|iPhoneSimulator.Build.0 = Debug|Any CPU
		{073940B1-B77A-4F56-82F1-EC5513BD1392}.Debug|iPhoneSimulator.Deploy.0 = Debug|Any CPU
		{073940B1-B77A-4F56-82F1-EC5513BD1392}.Debug|x64.ActiveCfg = Debug|Any CPU
		{073940B1-B77A-4F56-82F1-EC5513BD1392}.Debug|x64.Build.0 = Debug|Any CPU
		{073940B1-B77A-4F56-82F1-EC5513BD1392}.Debug|x64.Deploy.0 = Debug|Any CPU
		{073940B1-B77A-4F56-82F1-EC5513BD1392}.Debug|x86.ActiveCfg = Debug|Any CPU
		{073940B1-B77A-4F56-82F1-EC5513BD1392}.Debug|x86.Build.0 = Debug|Any CPU
		{073940B1-B77A-4F56-82F1-EC5513BD1392}.Debug|x86.Deploy.0 = Debug|Any CPU
		{073940B1-B77A-4F56-82F1-EC5513BD1392}.Release|Any CPU.ActiveCfg = Release|Any CPU
		{073940B1-B77A-4F56-82F1-EC5513BD1392}.Release|Any CPU.Build.0 = Release|Any CPU
		{073940B1-B77A-4F56-82F1-EC5513BD1392}.Release|Any CPU.Deploy.0 = Release|Any CPU
		{073940B1-B77A-4F56-82F1-EC5513BD1392}.Release|ARM.ActiveCfg = Release|Any CPU
		{073940B1-B77A-4F56-82F1-EC5513BD1392}.Release|ARM.Build.0 = Release|Any CPU
		{073940B1-B77A-4F56-82F1-EC5513BD1392}.Release|ARM.Deploy.0 = Release|Any CPU
		{073940B1-B77A-4F56-82F1-EC5513BD1392}.Release|iPhone.ActiveCfg = Release|Any CPU
		{073940B1-B77A-4F56-82F1-EC5513BD1392}.Release|iPhone.Build.0 = Release|Any CPU
		{073940B1-B77A-4F56-82F1-EC5513BD1392}.Release|iPhone.Deploy.0 = Release|Any CPU
		{073940B1-B77A-4F56-82F1-EC5513BD1392}.Release|iPhoneSimulator.ActiveCfg = Release|Any CPU
		{073940B1-B77A-4F56-82F1-EC5513BD1392}.Release|iPhoneSimulator.Build.0 = Release|Any CPU
		{073940B1-B77A-4F56-82F1-EC5513BD1392}.Release|iPhoneSimulator.Deploy.0 = Release|Any CPU
		{073940B1-B77A-4F56-82F1-EC5513BD1392}.Release|x64.ActiveCfg = Release|Any CPU
		{073940B1-B77A-4F56-82F1-EC5513BD1392}.Release|x64.Build.0 = Release|Any CPU
		{073940B1-B77A-4F56-82F1-EC5513BD1392}.Release|x64.Deploy.0 = Release|Any CPU
		{073940B1-B77A-4F56-82F1-EC5513BD1392}.Release|x86.ActiveCfg = Release|Any CPU
		{073940B1-B77A-4F56-82F1-EC5513BD1392}.Release|x86.Build.0 = Release|Any CPU
		{073940B1-B77A-4F56-82F1-EC5513BD1392}.Release|x86.Deploy.0 = Release|Any CPU
		{EED1133A-F471-4B15-89C8-9F92AF63CFD7}.Ad-Hoc|Any CPU.ActiveCfg = Ad-Hoc|iPhone
		{EED1133A-F471-4B15-89C8-9F92AF63CFD7}.Ad-Hoc|Any CPU.Build.0 = Ad-Hoc|iPhone
		{EED1133A-F471-4B15-89C8-9F92AF63CFD7}.Ad-Hoc|Any CPU.Deploy.0 = Ad-Hoc|iPhone
		{EED1133A-F471-4B15-89C8-9F92AF63CFD7}.Ad-Hoc|ARM.ActiveCfg = Ad-Hoc|iPhone
		{EED1133A-F471-4B15-89C8-9F92AF63CFD7}.Ad-Hoc|ARM.Build.0 = Ad-Hoc|iPhone
		{EED1133A-F471-4B15-89C8-9F92AF63CFD7}.Ad-Hoc|ARM.Deploy.0 = Ad-Hoc|iPhone
		{EED1133A-F471-4B15-89C8-9F92AF63CFD7}.Ad-Hoc|iPhone.ActiveCfg = Ad-Hoc|iPhone
		{EED1133A-F471-4B15-89C8-9F92AF63CFD7}.Ad-Hoc|iPhone.Build.0 = Ad-Hoc|iPhone
		{EED1133A-F471-4B15-89C8-9F92AF63CFD7}.Ad-Hoc|iPhone.Deploy.0 = Ad-Hoc|iPhone
		{EED1133A-F471-4B15-89C8-9F92AF63CFD7}.Ad-Hoc|iPhoneSimulator.ActiveCfg = Ad-Hoc|iPhoneSimulator
		{EED1133A-F471-4B15-89C8-9F92AF63CFD7}.Ad-Hoc|iPhoneSimulator.Build.0 = Ad-Hoc|iPhoneSimulator
		{EED1133A-F471-4B15-89C8-9F92AF63CFD7}.Ad-Hoc|iPhoneSimulator.Deploy.0 = Ad-Hoc|iPhoneSimulator
		{EED1133A-F471-4B15-89C8-9F92AF63CFD7}.Ad-Hoc|x64.ActiveCfg = Ad-Hoc|iPhone
		{EED1133A-F471-4B15-89C8-9F92AF63CFD7}.Ad-Hoc|x64.Build.0 = Ad-Hoc|iPhone
		{EED1133A-F471-4B15-89C8-9F92AF63CFD7}.Ad-Hoc|x64.Deploy.0 = Ad-Hoc|iPhone
		{EED1133A-F471-4B15-89C8-9F92AF63CFD7}.Ad-Hoc|x86.ActiveCfg = Ad-Hoc|iPhone
		{EED1133A-F471-4B15-89C8-9F92AF63CFD7}.Ad-Hoc|x86.Build.0 = Ad-Hoc|iPhone
		{EED1133A-F471-4B15-89C8-9F92AF63CFD7}.Ad-Hoc|x86.Deploy.0 = Ad-Hoc|iPhone
		{EED1133A-F471-4B15-89C8-9F92AF63CFD7}.AppStore|Any CPU.ActiveCfg = AppStore|iPhone
		{EED1133A-F471-4B15-89C8-9F92AF63CFD7}.AppStore|Any CPU.Build.0 = AppStore|iPhone
		{EED1133A-F471-4B15-89C8-9F92AF63CFD7}.AppStore|Any CPU.Deploy.0 = AppStore|iPhone
		{EED1133A-F471-4B15-89C8-9F92AF63CFD7}.AppStore|ARM.ActiveCfg = AppStore|iPhone
		{EED1133A-F471-4B15-89C8-9F92AF63CFD7}.AppStore|ARM.Build.0 = AppStore|iPhone
		{EED1133A-F471-4B15-89C8-9F92AF63CFD7}.AppStore|ARM.Deploy.0 = AppStore|iPhone
		{EED1133A-F471-4B15-89C8-9F92AF63CFD7}.AppStore|iPhone.ActiveCfg = AppStore|iPhone
		{EED1133A-F471-4B15-89C8-9F92AF63CFD7}.AppStore|iPhone.Build.0 = AppStore|iPhone
		{EED1133A-F471-4B15-89C8-9F92AF63CFD7}.AppStore|iPhone.Deploy.0 = AppStore|iPhone
		{EED1133A-F471-4B15-89C8-9F92AF63CFD7}.AppStore|iPhoneSimulator.ActiveCfg = AppStore|iPhoneSimulator
		{EED1133A-F471-4B15-89C8-9F92AF63CFD7}.AppStore|iPhoneSimulator.Build.0 = AppStore|iPhoneSimulator
		{EED1133A-F471-4B15-89C8-9F92AF63CFD7}.AppStore|iPhoneSimulator.Deploy.0 = AppStore|iPhoneSimulator
		{EED1133A-F471-4B15-89C8-9F92AF63CFD7}.AppStore|x64.ActiveCfg = AppStore|iPhone
		{EED1133A-F471-4B15-89C8-9F92AF63CFD7}.AppStore|x64.Build.0 = AppStore|iPhone
		{EED1133A-F471-4B15-89C8-9F92AF63CFD7}.AppStore|x64.Deploy.0 = AppStore|iPhone
		{EED1133A-F471-4B15-89C8-9F92AF63CFD7}.AppStore|x86.ActiveCfg = AppStore|iPhone
		{EED1133A-F471-4B15-89C8-9F92AF63CFD7}.AppStore|x86.Build.0 = AppStore|iPhone
		{EED1133A-F471-4B15-89C8-9F92AF63CFD7}.AppStore|x86.Deploy.0 = AppStore|iPhone
		{EED1133A-F471-4B15-89C8-9F92AF63CFD7}.Debug|Any CPU.ActiveCfg = Debug|iPhoneSimulator
		{EED1133A-F471-4B15-89C8-9F92AF63CFD7}.Debug|Any CPU.Build.0 = Debug|iPhoneSimulator
		{EED1133A-F471-4B15-89C8-9F92AF63CFD7}.Debug|Any CPU.Deploy.0 = Debug|iPhoneSimulator
		{EED1133A-F471-4B15-89C8-9F92AF63CFD7}.Debug|ARM.ActiveCfg = Debug|iPhone
		{EED1133A-F471-4B15-89C8-9F92AF63CFD7}.Debug|ARM.Build.0 = Debug|iPhone
		{EED1133A-F471-4B15-89C8-9F92AF63CFD7}.Debug|ARM.Deploy.0 = Debug|iPhone
		{EED1133A-F471-4B15-89C8-9F92AF63CFD7}.Debug|iPhone.ActiveCfg = Debug|iPhone
		{EED1133A-F471-4B15-89C8-9F92AF63CFD7}.Debug|iPhone.Build.0 = Debug|iPhone
		{EED1133A-F471-4B15-89C8-9F92AF63CFD7}.Debug|iPhone.Deploy.0 = Debug|iPhone
		{EED1133A-F471-4B15-89C8-9F92AF63CFD7}.Debug|iPhoneSimulator.ActiveCfg = Debug|iPhoneSimulator
		{EED1133A-F471-4B15-89C8-9F92AF63CFD7}.Debug|iPhoneSimulator.Build.0 = Debug|iPhoneSimulator
		{EED1133A-F471-4B15-89C8-9F92AF63CFD7}.Debug|iPhoneSimulator.Deploy.0 = Debug|iPhoneSimulator
		{EED1133A-F471-4B15-89C8-9F92AF63CFD7}.Debug|x64.ActiveCfg = Debug|iPhone
		{EED1133A-F471-4B15-89C8-9F92AF63CFD7}.Debug|x64.Build.0 = Debug|iPhone
		{EED1133A-F471-4B15-89C8-9F92AF63CFD7}.Debug|x64.Deploy.0 = Debug|iPhone
		{EED1133A-F471-4B15-89C8-9F92AF63CFD7}.Debug|x86.ActiveCfg = Debug|iPhone
		{EED1133A-F471-4B15-89C8-9F92AF63CFD7}.Debug|x86.Build.0 = Debug|iPhone
		{EED1133A-F471-4B15-89C8-9F92AF63CFD7}.Debug|x86.Deploy.0 = Debug|iPhone
		{EED1133A-F471-4B15-89C8-9F92AF63CFD7}.Release|Any CPU.ActiveCfg = Release|iPhone
		{EED1133A-F471-4B15-89C8-9F92AF63CFD7}.Release|Any CPU.Build.0 = Release|iPhone
		{EED1133A-F471-4B15-89C8-9F92AF63CFD7}.Release|Any CPU.Deploy.0 = Release|iPhone
		{EED1133A-F471-4B15-89C8-9F92AF63CFD7}.Release|ARM.ActiveCfg = Release|iPhone
		{EED1133A-F471-4B15-89C8-9F92AF63CFD7}.Release|ARM.Build.0 = Release|iPhone
		{EED1133A-F471-4B15-89C8-9F92AF63CFD7}.Release|ARM.Deploy.0 = Release|iPhone
		{EED1133A-F471-4B15-89C8-9F92AF63CFD7}.Release|iPhone.ActiveCfg = Release|iPhone
		{EED1133A-F471-4B15-89C8-9F92AF63CFD7}.Release|iPhone.Build.0 = Release|iPhone
		{EED1133A-F471-4B15-89C8-9F92AF63CFD7}.Release|iPhone.Deploy.0 = Release|iPhone
		{EED1133A-F471-4B15-89C8-9F92AF63CFD7}.Release|iPhoneSimulator.ActiveCfg = Release|iPhoneSimulator
		{EED1133A-F471-4B15-89C8-9F92AF63CFD7}.Release|iPhoneSimulator.Build.0 = Release|iPhoneSimulator
		{EED1133A-F471-4B15-89C8-9F92AF63CFD7}.Release|iPhoneSimulator.Deploy.0 = Release|iPhoneSimulator
		{EED1133A-F471-4B15-89C8-9F92AF63CFD7}.Release|x64.ActiveCfg = Release|iPhone
		{EED1133A-F471-4B15-89C8-9F92AF63CFD7}.Release|x64.Build.0 = Release|iPhone
		{EED1133A-F471-4B15-89C8-9F92AF63CFD7}.Release|x64.Deploy.0 = Release|iPhone
		{EED1133A-F471-4B15-89C8-9F92AF63CFD7}.Release|x86.ActiveCfg = Release|iPhone
		{EED1133A-F471-4B15-89C8-9F92AF63CFD7}.Release|x86.Build.0 = Release|iPhone
		{EED1133A-F471-4B15-89C8-9F92AF63CFD7}.Release|x86.Deploy.0 = Release|iPhone
		{3340CC41-192B-43C8-8316-9D3E8F0477BB}.Ad-Hoc|Any CPU.ActiveCfg = Release|x86
		{3340CC41-192B-43C8-8316-9D3E8F0477BB}.Ad-Hoc|Any CPU.Build.0 = Release|x86
		{3340CC41-192B-43C8-8316-9D3E8F0477BB}.Ad-Hoc|Any CPU.Deploy.0 = Release|x86
		{3340CC41-192B-43C8-8316-9D3E8F0477BB}.Ad-Hoc|ARM.ActiveCfg = Release|ARM
		{3340CC41-192B-43C8-8316-9D3E8F0477BB}.Ad-Hoc|ARM.Build.0 = Release|ARM
		{3340CC41-192B-43C8-8316-9D3E8F0477BB}.Ad-Hoc|ARM.Deploy.0 = Release|ARM
		{3340CC41-192B-43C8-8316-9D3E8F0477BB}.Ad-Hoc|iPhone.ActiveCfg = Release|x86
		{3340CC41-192B-43C8-8316-9D3E8F0477BB}.Ad-Hoc|iPhone.Build.0 = Release|x86
		{3340CC41-192B-43C8-8316-9D3E8F0477BB}.Ad-Hoc|iPhone.Deploy.0 = Release|x86
		{3340CC41-192B-43C8-8316-9D3E8F0477BB}.Ad-Hoc|iPhoneSimulator.ActiveCfg = Release|x86
		{3340CC41-192B-43C8-8316-9D3E8F0477BB}.Ad-Hoc|iPhoneSimulator.Build.0 = Release|x86
		{3340CC41-192B-43C8-8316-9D3E8F0477BB}.Ad-Hoc|iPhoneSimulator.Deploy.0 = Release|x86
		{3340CC41-192B-43C8-8316-9D3E8F0477BB}.Ad-Hoc|x64.ActiveCfg = Release|x64
		{3340CC41-192B-43C8-8316-9D3E8F0477BB}.Ad-Hoc|x64.Build.0 = Release|x64
		{3340CC41-192B-43C8-8316-9D3E8F0477BB}.Ad-Hoc|x64.Deploy.0 = Release|x64
		{3340CC41-192B-43C8-8316-9D3E8F0477BB}.Ad-Hoc|x86.ActiveCfg = Release|x86
		{3340CC41-192B-43C8-8316-9D3E8F0477BB}.Ad-Hoc|x86.Build.0 = Release|x86
		{3340CC41-192B-43C8-8316-9D3E8F0477BB}.Ad-Hoc|x86.Deploy.0 = Release|x86
		{3340CC41-192B-43C8-8316-9D3E8F0477BB}.AppStore|Any CPU.ActiveCfg = Release|x86
		{3340CC41-192B-43C8-8316-9D3E8F0477BB}.AppStore|Any CPU.Build.0 = Release|x86
		{3340CC41-192B-43C8-8316-9D3E8F0477BB}.AppStore|Any CPU.Deploy.0 = Release|x86
		{3340CC41-192B-43C8-8316-9D3E8F0477BB}.AppStore|ARM.ActiveCfg = Release|ARM
		{3340CC41-192B-43C8-8316-9D3E8F0477BB}.AppStore|ARM.Build.0 = Release|ARM
		{3340CC41-192B-43C8-8316-9D3E8F0477BB}.AppStore|ARM.Deploy.0 = Release|ARM
		{3340CC41-192B-43C8-8316-9D3E8F0477BB}.AppStore|iPhone.ActiveCfg = Release|x86
		{3340CC41-192B-43C8-8316-9D3E8F0477BB}.AppStore|iPhone.Build.0 = Release|x86
		{3340CC41-192B-43C8-8316-9D3E8F0477BB}.AppStore|iPhone.Deploy.0 = Release|x86
		{3340CC41-192B-43C8-8316-9D3E8F0477BB}.AppStore|iPhoneSimulator.ActiveCfg = Release|x86
		{3340CC41-192B-43C8-8316-9D3E8F0477BB}.AppStore|iPhoneSimulator.Build.0 = Release|x86
		{3340CC41-192B-43C8-8316-9D3E8F0477BB}.AppStore|iPhoneSimulator.Deploy.0 = Release|x86
		{3340CC41-192B-43C8-8316-9D3E8F0477BB}.AppStore|x64.ActiveCfg = Release|x64
		{3340CC41-192B-43C8-8316-9D3E8F0477BB}.AppStore|x64.Build.0 = Release|x64
		{3340CC41-192B-43C8-8316-9D3E8F0477BB}.AppStore|x64.Deploy.0 = Release|x64
		{3340CC41-192B-43C8-8316-9D3E8F0477BB}.AppStore|x86.ActiveCfg = Release|x86
		{3340CC41-192B-43C8-8316-9D3E8F0477BB}.AppStore|x86.Build.0 = Release|x86
		{3340CC41-192B-43C8-8316-9D3E8F0477BB}.AppStore|x86.Deploy.0 = Release|x86
		{3340CC41-192B-43C8-8316-9D3E8F0477BB}.Debug|Any CPU.ActiveCfg = Debug|x86
		{3340CC41-192B-43C8-8316-9D3E8F0477BB}.Debug|Any CPU.Build.0 = Debug|x86
		{3340CC41-192B-43C8-8316-9D3E8F0477BB}.Debug|Any CPU.Deploy.0 = Debug|x86
		{3340CC41-192B-43C8-8316-9D3E8F0477BB}.Debug|ARM.ActiveCfg = Debug|ARM
		{3340CC41-192B-43C8-8316-9D3E8F0477BB}.Debug|ARM.Build.0 = Debug|ARM
		{3340CC41-192B-43C8-8316-9D3E8F0477BB}.Debug|ARM.Deploy.0 = Debug|ARM
		{3340CC41-192B-43C8-8316-9D3E8F0477BB}.Debug|iPhone.ActiveCfg = Debug|x86
		{3340CC41-192B-43C8-8316-9D3E8F0477BB}.Debug|iPhone.Build.0 = Debug|x86
		{3340CC41-192B-43C8-8316-9D3E8F0477BB}.Debug|iPhone.Deploy.0 = Debug|x86
		{3340CC41-192B-43C8-8316-9D3E8F0477BB}.Debug|iPhoneSimulator.ActiveCfg = Debug|x86
		{3340CC41-192B-43C8-8316-9D3E8F0477BB}.Debug|iPhoneSimulator.Build.0 = Debug|x86
		{3340CC41-192B-43C8-8316-9D3E8F0477BB}.Debug|iPhoneSimulator.Deploy.0 = Debug|x86
		{3340CC41-192B-43C8-8316-9D3E8F0477BB}.Debug|x64.ActiveCfg = Debug|x64
		{3340CC41-192B-43C8-8316-9D3E8F0477BB}.Debug|x64.Build.0 = Debug|x64
		{3340CC41-192B-43C8-8316-9D3E8F0477BB}.Debug|x64.Deploy.0 = Debug|x64
		{3340CC41-192B-43C8-8316-9D3E8F0477BB}.Debug|x86.ActiveCfg = Debug|x86
		{3340CC41-192B-43C8-8316-9D3E8F0477BB}.Debug|x86.Build.0 = Debug|x86
		{3340CC41-192B-43C8-8316-9D3E8F0477BB}.Debug|x86.Deploy.0 = Debug|x86
		{3340CC41-192B-43C8-8316-9D3E8F0477BB}.Release|Any CPU.ActiveCfg = Release|x86
		{3340CC41-192B-43C8-8316-9D3E8F0477BB}.Release|Any CPU.Build.0 = Release|x86
		{3340CC41-192B-43C8-8316-9D3E8F0477BB}.Release|Any CPU.Deploy.0 = Release|x86
		{3340CC41-192B-43C8-8316-9D3E8F0477BB}.Release|ARM.ActiveCfg = Release|ARM
		{3340CC41-192B-43C8-8316-9D3E8F0477BB}.Release|ARM.Build.0 = Release|ARM
		{3340CC41-192B-43C8-8316-9D3E8F0477BB}.Release|ARM.Deploy.0 = Release|ARM
		{3340CC41-192B-43C8-8316-9D3E8F0477BB}.Release|iPhone.ActiveCfg = Release|x86
		{3340CC41-192B-43C8-8316-9D3E8F0477BB}.Release|iPhone.Build.0 = Release|x86
		{3340CC41-192B-43C8-8316-9D3E8F0477BB}.Release|iPhone.Deploy.0 = Release|x86
		{3340CC41-192B-43C8-8316-9D3E8F0477BB}.Release|iPhoneSimulator.ActiveCfg = Release|x86
		{3340CC41-192B-43C8-8316-9D3E8F0477BB}.Release|iPhoneSimulator.Build.0 = Release|x86
		{3340CC41-192B-43C8-8316-9D3E8F0477BB}.Release|iPhoneSimulator.Deploy.0 = Release|x86
		{3340CC41-192B-43C8-8316-9D3E8F0477BB}.Release|x64.ActiveCfg = Release|x64
		{3340CC41-192B-43C8-8316-9D3E8F0477BB}.Release|x64.Build.0 = Release|x64
		{3340CC41-192B-43C8-8316-9D3E8F0477BB}.Release|x64.Deploy.0 = Release|x64
		{3340CC41-192B-43C8-8316-9D3E8F0477BB}.Release|x86.ActiveCfg = Release|x86
		{3340CC41-192B-43C8-8316-9D3E8F0477BB}.Release|x86.Build.0 = Release|x86
		{3340CC41-192B-43C8-8316-9D3E8F0477BB}.Release|x86.Deploy.0 = Release|x86
		{4E1962BC-63B7-4925-8395-A85205CF6D80}.Ad-Hoc|Any CPU.ActiveCfg = Debug|Any CPU
		{4E1962BC-63B7-4925-8395-A85205CF6D80}.Ad-Hoc|Any CPU.Build.0 = Debug|Any CPU
		{4E1962BC-63B7-4925-8395-A85205CF6D80}.Ad-Hoc|Any CPU.Deploy.0 = Debug|Any CPU
		{4E1962BC-63B7-4925-8395-A85205CF6D80}.Ad-Hoc|ARM.ActiveCfg = Debug|Any CPU
		{4E1962BC-63B7-4925-8395-A85205CF6D80}.Ad-Hoc|ARM.Build.0 = Debug|Any CPU
		{4E1962BC-63B7-4925-8395-A85205CF6D80}.Ad-Hoc|ARM.Deploy.0 = Debug|Any CPU
		{4E1962BC-63B7-4925-8395-A85205CF6D80}.Ad-Hoc|iPhone.ActiveCfg = Debug|Any CPU
		{4E1962BC-63B7-4925-8395-A85205CF6D80}.Ad-Hoc|iPhone.Build.0 = Debug|Any CPU
		{4E1962BC-63B7-4925-8395-A85205CF6D80}.Ad-Hoc|iPhone.Deploy.0 = Debug|Any CPU
		{4E1962BC-63B7-4925-8395-A85205CF6D80}.Ad-Hoc|iPhoneSimulator.ActiveCfg = Debug|Any CPU
		{4E1962BC-63B7-4925-8395-A85205CF6D80}.Ad-Hoc|iPhoneSimulator.Build.0 = Debug|Any CPU
		{4E1962BC-63B7-4925-8395-A85205CF6D80}.Ad-Hoc|iPhoneSimulator.Deploy.0 = Debug|Any CPU
		{4E1962BC-63B7-4925-8395-A85205CF6D80}.Ad-Hoc|x64.ActiveCfg = Debug|Any CPU
		{4E1962BC-63B7-4925-8395-A85205CF6D80}.Ad-Hoc|x64.Build.0 = Debug|Any CPU
		{4E1962BC-63B7-4925-8395-A85205CF6D80}.Ad-Hoc|x64.Deploy.0 = Debug|Any CPU
		{4E1962BC-63B7-4925-8395-A85205CF6D80}.Ad-Hoc|x86.ActiveCfg = Debug|Any CPU
		{4E1962BC-63B7-4925-8395-A85205CF6D80}.Ad-Hoc|x86.Build.0 = Debug|Any CPU
		{4E1962BC-63B7-4925-8395-A85205CF6D80}.Ad-Hoc|x86.Deploy.0 = Debug|Any CPU
		{4E1962BC-63B7-4925-8395-A85205CF6D80}.AppStore|Any CPU.ActiveCfg = Debug|Any CPU
		{4E1962BC-63B7-4925-8395-A85205CF6D80}.AppStore|Any CPU.Build.0 = Debug|Any CPU
		{4E1962BC-63B7-4925-8395-A85205CF6D80}.AppStore|Any CPU.Deploy.0 = Debug|Any CPU
		{4E1962BC-63B7-4925-8395-A85205CF6D80}.AppStore|ARM.ActiveCfg = Debug|Any CPU
		{4E1962BC-63B7-4925-8395-A85205CF6D80}.AppStore|ARM.Build.0 = Debug|Any CPU
		{4E1962BC-63B7-4925-8395-A85205CF6D80}.AppStore|ARM.Deploy.0 = Debug|Any CPU
		{4E1962BC-63B7-4925-8395-A85205CF6D80}.AppStore|iPhone.ActiveCfg = Debug|Any CPU
		{4E1962BC-63B7-4925-8395-A85205CF6D80}.AppStore|iPhone.Build.0 = Debug|Any CPU
		{4E1962BC-63B7-4925-8395-A85205CF6D80}.AppStore|iPhone.Deploy.0 = Debug|Any CPU
		{4E1962BC-63B7-4925-8395-A85205CF6D80}.AppStore|iPhoneSimulator.ActiveCfg = Debug|Any CPU
		{4E1962BC-63B7-4925-8395-A85205CF6D80}.AppStore|iPhoneSimulator.Build.0 = Debug|Any CPU
		{4E1962BC-63B7-4925-8395-A85205CF6D80}.AppStore|iPhoneSimulator.Deploy.0 = Debug|Any CPU
		{4E1962BC-63B7-4925-8395-A85205CF6D80}.AppStore|x64.ActiveCfg = Debug|Any CPU
		{4E1962BC-63B7-4925-8395-A85205CF6D80}.AppStore|x64.Build.0 = Debug|Any CPU
		{4E1962BC-63B7-4925-8395-A85205CF6D80}.AppStore|x64.Deploy.0 = Debug|Any CPU
		{4E1962BC-63B7-4925-8395-A85205CF6D80}.AppStore|x86.ActiveCfg = Debug|Any CPU
		{4E1962BC-63B7-4925-8395-A85205CF6D80}.AppStore|x86.Build.0 = Debug|Any CPU
		{4E1962BC-63B7-4925-8395-A85205CF6D80}.AppStore|x86.Deploy.0 = Debug|Any CPU
		{4E1962BC-63B7-4925-8395-A85205CF6D80}.Debug|Any CPU.ActiveCfg = Debug|Any CPU
		{4E1962BC-63B7-4925-8395-A85205CF6D80}.Debug|Any CPU.Build.0 = Debug|Any CPU
		{4E1962BC-63B7-4925-8395-A85205CF6D80}.Debug|Any CPU.Deploy.0 = Debug|Any CPU
		{4E1962BC-63B7-4925-8395-A85205CF6D80}.Debug|ARM.ActiveCfg = Debug|Any CPU
		{4E1962BC-63B7-4925-8395-A85205CF6D80}.Debug|ARM.Build.0 = Debug|Any CPU
		{4E1962BC-63B7-4925-8395-A85205CF6D80}.Debug|ARM.Deploy.0 = Debug|Any CPU
		{4E1962BC-63B7-4925-8395-A85205CF6D80}.Debug|iPhone.ActiveCfg = Debug|Any CPU
		{4E1962BC-63B7-4925-8395-A85205CF6D80}.Debug|iPhone.Build.0 = Debug|Any CPU
		{4E1962BC-63B7-4925-8395-A85205CF6D80}.Debug|iPhone.Deploy.0 = Debug|Any CPU
		{4E1962BC-63B7-4925-8395-A85205CF6D80}.Debug|iPhoneSimulator.ActiveCfg = Debug|Any CPU
		{4E1962BC-63B7-4925-8395-A85205CF6D80}.Debug|iPhoneSimulator.Build.0 = Debug|Any CPU
		{4E1962BC-63B7-4925-8395-A85205CF6D80}.Debug|iPhoneSimulator.Deploy.0 = Debug|Any CPU
		{4E1962BC-63B7-4925-8395-A85205CF6D80}.Debug|x64.ActiveCfg = Debug|Any CPU
		{4E1962BC-63B7-4925-8395-A85205CF6D80}.Debug|x64.Build.0 = Debug|Any CPU
		{4E1962BC-63B7-4925-8395-A85205CF6D80}.Debug|x64.Deploy.0 = Debug|Any CPU
		{4E1962BC-63B7-4925-8395-A85205CF6D80}.Debug|x86.ActiveCfg = Debug|Any CPU
		{4E1962BC-63B7-4925-8395-A85205CF6D80}.Debug|x86.Build.0 = Debug|Any CPU
		{4E1962BC-63B7-4925-8395-A85205CF6D80}.Debug|x86.Deploy.0 = Debug|Any CPU
		{4E1962BC-63B7-4925-8395-A85205CF6D80}.Release|Any CPU.ActiveCfg = Release|Any CPU
		{4E1962BC-63B7-4925-8395-A85205CF6D80}.Release|Any CPU.Build.0 = Release|Any CPU
		{4E1962BC-63B7-4925-8395-A85205CF6D80}.Release|Any CPU.Deploy.0 = Release|Any CPU
		{4E1962BC-63B7-4925-8395-A85205CF6D80}.Release|ARM.ActiveCfg = Release|Any CPU
		{4E1962BC-63B7-4925-8395-A85205CF6D80}.Release|ARM.Build.0 = Release|Any CPU
		{4E1962BC-63B7-4925-8395-A85205CF6D80}.Release|ARM.Deploy.0 = Release|Any CPU
		{4E1962BC-63B7-4925-8395-A85205CF6D80}.Release|iPhone.ActiveCfg = Release|Any CPU
		{4E1962BC-63B7-4925-8395-A85205CF6D80}.Release|iPhone.Build.0 = Release|Any CPU
		{4E1962BC-63B7-4925-8395-A85205CF6D80}.Release|iPhone.Deploy.0 = Release|Any CPU
		{4E1962BC-63B7-4925-8395-A85205CF6D80}.Release|iPhoneSimulator.ActiveCfg = Release|Any CPU
		{4E1962BC-63B7-4925-8395-A85205CF6D80}.Release|iPhoneSimulator.Build.0 = Release|Any CPU
		{4E1962BC-63B7-4925-8395-A85205CF6D80}.Release|iPhoneSimulator.Deploy.0 = Release|Any CPU
		{4E1962BC-63B7-4925-8395-A85205CF6D80}.Release|x64.ActiveCfg = Release|Any CPU
		{4E1962BC-63B7-4925-8395-A85205CF6D80}.Release|x64.Build.0 = Release|Any CPU
		{4E1962BC-63B7-4925-8395-A85205CF6D80}.Release|x64.Deploy.0 = Release|Any CPU
		{4E1962BC-63B7-4925-8395-A85205CF6D80}.Release|x86.ActiveCfg = Release|Any CPU
		{4E1962BC-63B7-4925-8395-A85205CF6D80}.Release|x86.Build.0 = Release|Any CPU
		{4E1962BC-63B7-4925-8395-A85205CF6D80}.Release|x86.Deploy.0 = Release|Any CPU
		{C366C149-61B9-4757-830F-40A9F8FCFB48}.Ad-Hoc|Any CPU.ActiveCfg = Debug|Any CPU
		{C366C149-61B9-4757-830F-40A9F8FCFB48}.Ad-Hoc|Any CPU.Build.0 = Debug|Any CPU
		{C366C149-61B9-4757-830F-40A9F8FCFB48}.Ad-Hoc|ARM.ActiveCfg = Debug|Any CPU
		{C366C149-61B9-4757-830F-40A9F8FCFB48}.Ad-Hoc|ARM.Build.0 = Debug|Any CPU
		{C366C149-61B9-4757-830F-40A9F8FCFB48}.Ad-Hoc|iPhone.ActiveCfg = Debug|Any CPU
		{C366C149-61B9-4757-830F-40A9F8FCFB48}.Ad-Hoc|iPhone.Build.0 = Debug|Any CPU
		{C366C149-61B9-4757-830F-40A9F8FCFB48}.Ad-Hoc|iPhoneSimulator.ActiveCfg = Debug|Any CPU
		{C366C149-61B9-4757-830F-40A9F8FCFB48}.Ad-Hoc|iPhoneSimulator.Build.0 = Debug|Any CPU
		{C366C149-61B9-4757-830F-40A9F8FCFB48}.Ad-Hoc|x64.ActiveCfg = Debug|Any CPU
		{C366C149-61B9-4757-830F-40A9F8FCFB48}.Ad-Hoc|x64.Build.0 = Debug|Any CPU
		{C366C149-61B9-4757-830F-40A9F8FCFB48}.Ad-Hoc|x86.ActiveCfg = Debug|Any CPU
		{C366C149-61B9-4757-830F-40A9F8FCFB48}.Ad-Hoc|x86.Build.0 = Debug|Any CPU
		{C366C149-61B9-4757-830F-40A9F8FCFB48}.AppStore|Any CPU.ActiveCfg = Debug|Any CPU
		{C366C149-61B9-4757-830F-40A9F8FCFB48}.AppStore|Any CPU.Build.0 = Debug|Any CPU
		{C366C149-61B9-4757-830F-40A9F8FCFB48}.AppStore|ARM.ActiveCfg = Debug|Any CPU
		{C366C149-61B9-4757-830F-40A9F8FCFB48}.AppStore|ARM.Build.0 = Debug|Any CPU
		{C366C149-61B9-4757-830F-40A9F8FCFB48}.AppStore|iPhone.ActiveCfg = Debug|Any CPU
		{C366C149-61B9-4757-830F-40A9F8FCFB48}.AppStore|iPhone.Build.0 = Debug|Any CPU
		{C366C149-61B9-4757-830F-40A9F8FCFB48}.AppStore|iPhoneSimulator.ActiveCfg = Debug|Any CPU
		{C366C149-61B9-4757-830F-40A9F8FCFB48}.AppStore|iPhoneSimulator.Build.0 = Debug|Any CPU
		{C366C149-61B9-4757-830F-40A9F8FCFB48}.AppStore|x64.ActiveCfg = Debug|Any CPU
		{C366C149-61B9-4757-830F-40A9F8FCFB48}.AppStore|x64.Build.0 = Debug|Any CPU
		{C366C149-61B9-4757-830F-40A9F8FCFB48}.AppStore|x86.ActiveCfg = Debug|Any CPU
		{C366C149-61B9-4757-830F-40A9F8FCFB48}.AppStore|x86.Build.0 = Debug|Any CPU
		{C366C149-61B9-4757-830F-40A9F8FCFB48}.Debug|Any CPU.ActiveCfg = Debug|Any CPU
		{C366C149-61B9-4757-830F-40A9F8FCFB48}.Debug|Any CPU.Build.0 = Debug|Any CPU
		{C366C149-61B9-4757-830F-40A9F8FCFB48}.Debug|ARM.ActiveCfg = Debug|Any CPU
		{C366C149-61B9-4757-830F-40A9F8FCFB48}.Debug|ARM.Build.0 = Debug|Any CPU
		{C366C149-61B9-4757-830F-40A9F8FCFB48}.Debug|iPhone.ActiveCfg = Debug|Any CPU
		{C366C149-61B9-4757-830F-40A9F8FCFB48}.Debug|iPhone.Build.0 = Debug|Any CPU
		{C366C149-61B9-4757-830F-40A9F8FCFB48}.Debug|iPhoneSimulator.ActiveCfg = Debug|Any CPU
		{C366C149-61B9-4757-830F-40A9F8FCFB48}.Debug|iPhoneSimulator.Build.0 = Debug|Any CPU
		{C366C149-61B9-4757-830F-40A9F8FCFB48}.Debug|x64.ActiveCfg = Debug|Any CPU
		{C366C149-61B9-4757-830F-40A9F8FCFB48}.Debug|x64.Build.0 = Debug|Any CPU
		{C366C149-61B9-4757-830F-40A9F8FCFB48}.Debug|x86.ActiveCfg = Debug|Any CPU
		{C366C149-61B9-4757-830F-40A9F8FCFB48}.Debug|x86.Build.0 = Debug|Any CPU
		{C366C149-61B9-4757-830F-40A9F8FCFB48}.Release|Any CPU.ActiveCfg = Release|Any CPU
		{C366C149-61B9-4757-830F-40A9F8FCFB48}.Release|Any CPU.Build.0 = Release|Any CPU
		{C366C149-61B9-4757-830F-40A9F8FCFB48}.Release|ARM.ActiveCfg = Release|Any CPU
		{C366C149-61B9-4757-830F-40A9F8FCFB48}.Release|ARM.Build.0 = Release|Any CPU
		{C366C149-61B9-4757-830F-40A9F8FCFB48}.Release|iPhone.ActiveCfg = Release|Any CPU
		{C366C149-61B9-4757-830F-40A9F8FCFB48}.Release|iPhone.Build.0 = Release|Any CPU
		{C366C149-61B9-4757-830F-40A9F8FCFB48}.Release|iPhoneSimulator.ActiveCfg = Release|Any CPU
		{C366C149-61B9-4757-830F-40A9F8FCFB48}.Release|iPhoneSimulator.Build.0 = Release|Any CPU
		{C366C149-61B9-4757-830F-40A9F8FCFB48}.Release|x64.ActiveCfg = Release|Any CPU
		{C366C149-61B9-4757-830F-40A9F8FCFB48}.Release|x64.Build.0 = Release|Any CPU
		{C366C149-61B9-4757-830F-40A9F8FCFB48}.Release|x86.ActiveCfg = Release|Any CPU
		{C366C149-61B9-4757-830F-40A9F8FCFB48}.Release|x86.Build.0 = Release|Any CPU
		{6C68077B-133C-4FFA-A3A5-78B6AB928A15}.Ad-Hoc|Any CPU.ActiveCfg = Debug|Any CPU
		{6C68077B-133C-4FFA-A3A5-78B6AB928A15}.Ad-Hoc|Any CPU.Build.0 = Debug|Any CPU
		{6C68077B-133C-4FFA-A3A5-78B6AB928A15}.Ad-Hoc|ARM.ActiveCfg = Debug|Any CPU
		{6C68077B-133C-4FFA-A3A5-78B6AB928A15}.Ad-Hoc|ARM.Build.0 = Debug|Any CPU
		{6C68077B-133C-4FFA-A3A5-78B6AB928A15}.Ad-Hoc|iPhone.ActiveCfg = Debug|Any CPU
		{6C68077B-133C-4FFA-A3A5-78B6AB928A15}.Ad-Hoc|iPhone.Build.0 = Debug|Any CPU
		{6C68077B-133C-4FFA-A3A5-78B6AB928A15}.Ad-Hoc|iPhoneSimulator.ActiveCfg = Debug|Any CPU
		{6C68077B-133C-4FFA-A3A5-78B6AB928A15}.Ad-Hoc|iPhoneSimulator.Build.0 = Debug|Any CPU
		{6C68077B-133C-4FFA-A3A5-78B6AB928A15}.Ad-Hoc|x64.ActiveCfg = Debug|Any CPU
		{6C68077B-133C-4FFA-A3A5-78B6AB928A15}.Ad-Hoc|x64.Build.0 = Debug|Any CPU
		{6C68077B-133C-4FFA-A3A5-78B6AB928A15}.Ad-Hoc|x86.ActiveCfg = Debug|Any CPU
		{6C68077B-133C-4FFA-A3A5-78B6AB928A15}.Ad-Hoc|x86.Build.0 = Debug|Any CPU
		{6C68077B-133C-4FFA-A3A5-78B6AB928A15}.AppStore|Any CPU.ActiveCfg = Debug|Any CPU
		{6C68077B-133C-4FFA-A3A5-78B6AB928A15}.AppStore|Any CPU.Build.0 = Debug|Any CPU
		{6C68077B-133C-4FFA-A3A5-78B6AB928A15}.AppStore|ARM.ActiveCfg = Debug|Any CPU
		{6C68077B-133C-4FFA-A3A5-78B6AB928A15}.AppStore|ARM.Build.0 = Debug|Any CPU
		{6C68077B-133C-4FFA-A3A5-78B6AB928A15}.AppStore|iPhone.ActiveCfg = Debug|Any CPU
		{6C68077B-133C-4FFA-A3A5-78B6AB928A15}.AppStore|iPhone.Build.0 = Debug|Any CPU
		{6C68077B-133C-4FFA-A3A5-78B6AB928A15}.AppStore|iPhoneSimulator.ActiveCfg = Debug|Any CPU
		{6C68077B-133C-4FFA-A3A5-78B6AB928A15}.AppStore|iPhoneSimulator.Build.0 = Debug|Any CPU
		{6C68077B-133C-4FFA-A3A5-78B6AB928A15}.AppStore|x64.ActiveCfg = Debug|Any CPU
		{6C68077B-133C-4FFA-A3A5-78B6AB928A15}.AppStore|x64.Build.0 = Debug|Any CPU
		{6C68077B-133C-4FFA-A3A5-78B6AB928A15}.AppStore|x86.ActiveCfg = Debug|Any CPU
		{6C68077B-133C-4FFA-A3A5-78B6AB928A15}.AppStore|x86.Build.0 = Debug|Any CPU
		{6C68077B-133C-4FFA-A3A5-78B6AB928A15}.Debug|Any CPU.ActiveCfg = Debug|Any CPU
		{6C68077B-133C-4FFA-A3A5-78B6AB928A15}.Debug|Any CPU.Build.0 = Debug|Any CPU
		{6C68077B-133C-4FFA-A3A5-78B6AB928A15}.Debug|ARM.ActiveCfg = Debug|Any CPU
		{6C68077B-133C-4FFA-A3A5-78B6AB928A15}.Debug|ARM.Build.0 = Debug|Any CPU
		{6C68077B-133C-4FFA-A3A5-78B6AB928A15}.Debug|iPhone.ActiveCfg = Debug|Any CPU
		{6C68077B-133C-4FFA-A3A5-78B6AB928A15}.Debug|iPhone.Build.0 = Debug|Any CPU
		{6C68077B-133C-4FFA-A3A5-78B6AB928A15}.Debug|iPhoneSimulator.ActiveCfg = Debug|Any CPU
		{6C68077B-133C-4FFA-A3A5-78B6AB928A15}.Debug|iPhoneSimulator.Build.0 = Debug|Any CPU
		{6C68077B-133C-4FFA-A3A5-78B6AB928A15}.Debug|x64.ActiveCfg = Debug|Any CPU
		{6C68077B-133C-4FFA-A3A5-78B6AB928A15}.Debug|x64.Build.0 = Debug|Any CPU
		{6C68077B-133C-4FFA-A3A5-78B6AB928A15}.Debug|x86.ActiveCfg = Debug|Any CPU
		{6C68077B-133C-4FFA-A3A5-78B6AB928A15}.Debug|x86.Build.0 = Debug|Any CPU
		{6C68077B-133C-4FFA-A3A5-78B6AB928A15}.Release|Any CPU.ActiveCfg = Release|Any CPU
		{6C68077B-133C-4FFA-A3A5-78B6AB928A15}.Release|Any CPU.Build.0 = Release|Any CPU
		{6C68077B-133C-4FFA-A3A5-78B6AB928A15}.Release|ARM.ActiveCfg = Release|Any CPU
		{6C68077B-133C-4FFA-A3A5-78B6AB928A15}.Release|ARM.Build.0 = Release|Any CPU
		{6C68077B-133C-4FFA-A3A5-78B6AB928A15}.Release|iPhone.ActiveCfg = Release|Any CPU
		{6C68077B-133C-4FFA-A3A5-78B6AB928A15}.Release|iPhone.Build.0 = Release|Any CPU
		{6C68077B-133C-4FFA-A3A5-78B6AB928A15}.Release|iPhoneSimulator.ActiveCfg = Release|Any CPU
		{6C68077B-133C-4FFA-A3A5-78B6AB928A15}.Release|iPhoneSimulator.Build.0 = Release|Any CPU
		{6C68077B-133C-4FFA-A3A5-78B6AB928A15}.Release|x64.ActiveCfg = Release|Any CPU
		{6C68077B-133C-4FFA-A3A5-78B6AB928A15}.Release|x64.Build.0 = Release|Any CPU
		{6C68077B-133C-4FFA-A3A5-78B6AB928A15}.Release|x86.ActiveCfg = Release|Any CPU
		{6C68077B-133C-4FFA-A3A5-78B6AB928A15}.Release|x86.Build.0 = Release|Any CPU
		{F02A9927-2EC8-4A4A-A8A4-427B4F9CBCD1}.Ad-Hoc|Any CPU.ActiveCfg = Debug|Any CPU
		{F02A9927-2EC8-4A4A-A8A4-427B4F9CBCD1}.Ad-Hoc|Any CPU.Build.0 = Debug|Any CPU
		{F02A9927-2EC8-4A4A-A8A4-427B4F9CBCD1}.Ad-Hoc|ARM.ActiveCfg = Debug|Any CPU
		{F02A9927-2EC8-4A4A-A8A4-427B4F9CBCD1}.Ad-Hoc|ARM.Build.0 = Debug|Any CPU
		{F02A9927-2EC8-4A4A-A8A4-427B4F9CBCD1}.Ad-Hoc|iPhone.ActiveCfg = Debug|Any CPU
		{F02A9927-2EC8-4A4A-A8A4-427B4F9CBCD1}.Ad-Hoc|iPhone.Build.0 = Debug|Any CPU
		{F02A9927-2EC8-4A4A-A8A4-427B4F9CBCD1}.Ad-Hoc|iPhoneSimulator.ActiveCfg = Debug|Any CPU
		{F02A9927-2EC8-4A4A-A8A4-427B4F9CBCD1}.Ad-Hoc|iPhoneSimulator.Build.0 = Debug|Any CPU
		{F02A9927-2EC8-4A4A-A8A4-427B4F9CBCD1}.Ad-Hoc|x64.ActiveCfg = Debug|Any CPU
		{F02A9927-2EC8-4A4A-A8A4-427B4F9CBCD1}.Ad-Hoc|x64.Build.0 = Debug|Any CPU
		{F02A9927-2EC8-4A4A-A8A4-427B4F9CBCD1}.Ad-Hoc|x86.ActiveCfg = Debug|Any CPU
		{F02A9927-2EC8-4A4A-A8A4-427B4F9CBCD1}.Ad-Hoc|x86.Build.0 = Debug|Any CPU
		{F02A9927-2EC8-4A4A-A8A4-427B4F9CBCD1}.AppStore|Any CPU.ActiveCfg = Debug|Any CPU
		{F02A9927-2EC8-4A4A-A8A4-427B4F9CBCD1}.AppStore|Any CPU.Build.0 = Debug|Any CPU
		{F02A9927-2EC8-4A4A-A8A4-427B4F9CBCD1}.AppStore|ARM.ActiveCfg = Debug|Any CPU
		{F02A9927-2EC8-4A4A-A8A4-427B4F9CBCD1}.AppStore|ARM.Build.0 = Debug|Any CPU
		{F02A9927-2EC8-4A4A-A8A4-427B4F9CBCD1}.AppStore|iPhone.ActiveCfg = Debug|Any CPU
		{F02A9927-2EC8-4A4A-A8A4-427B4F9CBCD1}.AppStore|iPhone.Build.0 = Debug|Any CPU
		{F02A9927-2EC8-4A4A-A8A4-427B4F9CBCD1}.AppStore|iPhoneSimulator.ActiveCfg = Debug|Any CPU
		{F02A9927-2EC8-4A4A-A8A4-427B4F9CBCD1}.AppStore|iPhoneSimulator.Build.0 = Debug|Any CPU
		{F02A9927-2EC8-4A4A-A8A4-427B4F9CBCD1}.AppStore|x64.ActiveCfg = Debug|Any CPU
		{F02A9927-2EC8-4A4A-A8A4-427B4F9CBCD1}.AppStore|x64.Build.0 = Debug|Any CPU
		{F02A9927-2EC8-4A4A-A8A4-427B4F9CBCD1}.AppStore|x86.ActiveCfg = Debug|Any CPU
		{F02A9927-2EC8-4A4A-A8A4-427B4F9CBCD1}.AppStore|x86.Build.0 = Debug|Any CPU
		{F02A9927-2EC8-4A4A-A8A4-427B4F9CBCD1}.Debug|Any CPU.ActiveCfg = Debug|Any CPU
		{F02A9927-2EC8-4A4A-A8A4-427B4F9CBCD1}.Debug|Any CPU.Build.0 = Debug|Any CPU
		{F02A9927-2EC8-4A4A-A8A4-427B4F9CBCD1}.Debug|ARM.ActiveCfg = Debug|Any CPU
		{F02A9927-2EC8-4A4A-A8A4-427B4F9CBCD1}.Debug|ARM.Build.0 = Debug|Any CPU
		{F02A9927-2EC8-4A4A-A8A4-427B4F9CBCD1}.Debug|iPhone.ActiveCfg = Debug|Any CPU
		{F02A9927-2EC8-4A4A-A8A4-427B4F9CBCD1}.Debug|iPhone.Build.0 = Debug|Any CPU
		{F02A9927-2EC8-4A4A-A8A4-427B4F9CBCD1}.Debug|iPhoneSimulator.ActiveCfg = Debug|Any CPU
		{F02A9927-2EC8-4A4A-A8A4-427B4F9CBCD1}.Debug|iPhoneSimulator.Build.0 = Debug|Any CPU
		{F02A9927-2EC8-4A4A-A8A4-427B4F9CBCD1}.Debug|x64.ActiveCfg = Debug|Any CPU
		{F02A9927-2EC8-4A4A-A8A4-427B4F9CBCD1}.Debug|x64.Build.0 = Debug|Any CPU
		{F02A9927-2EC8-4A4A-A8A4-427B4F9CBCD1}.Debug|x86.ActiveCfg = Debug|Any CPU
		{F02A9927-2EC8-4A4A-A8A4-427B4F9CBCD1}.Debug|x86.Build.0 = Debug|Any CPU
		{F02A9927-2EC8-4A4A-A8A4-427B4F9CBCD1}.Release|Any CPU.ActiveCfg = Release|Any CPU
		{F02A9927-2EC8-4A4A-A8A4-427B4F9CBCD1}.Release|Any CPU.Build.0 = Release|Any CPU
		{F02A9927-2EC8-4A4A-A8A4-427B4F9CBCD1}.Release|ARM.ActiveCfg = Release|Any CPU
		{F02A9927-2EC8-4A4A-A8A4-427B4F9CBCD1}.Release|ARM.Build.0 = Release|Any CPU
		{F02A9927-2EC8-4A4A-A8A4-427B4F9CBCD1}.Release|iPhone.ActiveCfg = Release|Any CPU
		{F02A9927-2EC8-4A4A-A8A4-427B4F9CBCD1}.Release|iPhone.Build.0 = Release|Any CPU
		{F02A9927-2EC8-4A4A-A8A4-427B4F9CBCD1}.Release|iPhoneSimulator.ActiveCfg = Release|Any CPU
		{F02A9927-2EC8-4A4A-A8A4-427B4F9CBCD1}.Release|iPhoneSimulator.Build.0 = Release|Any CPU
		{F02A9927-2EC8-4A4A-A8A4-427B4F9CBCD1}.Release|x64.ActiveCfg = Release|Any CPU
		{F02A9927-2EC8-4A4A-A8A4-427B4F9CBCD1}.Release|x64.Build.0 = Release|Any CPU
		{F02A9927-2EC8-4A4A-A8A4-427B4F9CBCD1}.Release|x86.ActiveCfg = Release|Any CPU
		{F02A9927-2EC8-4A4A-A8A4-427B4F9CBCD1}.Release|x86.Build.0 = Release|Any CPU
		{768D4CCB-B955-447B-924E-5A08FF3953F4}.Ad-Hoc|Any CPU.ActiveCfg = Debug|Any CPU
		{768D4CCB-B955-447B-924E-5A08FF3953F4}.Ad-Hoc|Any CPU.Build.0 = Debug|Any CPU
		{768D4CCB-B955-447B-924E-5A08FF3953F4}.Ad-Hoc|ARM.ActiveCfg = Debug|Any CPU
		{768D4CCB-B955-447B-924E-5A08FF3953F4}.Ad-Hoc|ARM.Build.0 = Debug|Any CPU
		{768D4CCB-B955-447B-924E-5A08FF3953F4}.Ad-Hoc|iPhone.ActiveCfg = Debug|Any CPU
		{768D4CCB-B955-447B-924E-5A08FF3953F4}.Ad-Hoc|iPhone.Build.0 = Debug|Any CPU
		{768D4CCB-B955-447B-924E-5A08FF3953F4}.Ad-Hoc|iPhoneSimulator.ActiveCfg = Debug|Any CPU
		{768D4CCB-B955-447B-924E-5A08FF3953F4}.Ad-Hoc|iPhoneSimulator.Build.0 = Debug|Any CPU
		{768D4CCB-B955-447B-924E-5A08FF3953F4}.Ad-Hoc|x64.ActiveCfg = Debug|Any CPU
		{768D4CCB-B955-447B-924E-5A08FF3953F4}.Ad-Hoc|x64.Build.0 = Debug|Any CPU
		{768D4CCB-B955-447B-924E-5A08FF3953F4}.Ad-Hoc|x86.ActiveCfg = Debug|Any CPU
		{768D4CCB-B955-447B-924E-5A08FF3953F4}.Ad-Hoc|x86.Build.0 = Debug|Any CPU
		{768D4CCB-B955-447B-924E-5A08FF3953F4}.AppStore|Any CPU.ActiveCfg = Debug|Any CPU
		{768D4CCB-B955-447B-924E-5A08FF3953F4}.AppStore|Any CPU.Build.0 = Debug|Any CPU
		{768D4CCB-B955-447B-924E-5A08FF3953F4}.AppStore|ARM.ActiveCfg = Debug|Any CPU
		{768D4CCB-B955-447B-924E-5A08FF3953F4}.AppStore|ARM.Build.0 = Debug|Any CPU
		{768D4CCB-B955-447B-924E-5A08FF3953F4}.AppStore|iPhone.ActiveCfg = Debug|Any CPU
		{768D4CCB-B955-447B-924E-5A08FF3953F4}.AppStore|iPhone.Build.0 = Debug|Any CPU
		{768D4CCB-B955-447B-924E-5A08FF3953F4}.AppStore|iPhoneSimulator.ActiveCfg = Debug|Any CPU
		{768D4CCB-B955-447B-924E-5A08FF3953F4}.AppStore|iPhoneSimulator.Build.0 = Debug|Any CPU
		{768D4CCB-B955-447B-924E-5A08FF3953F4}.AppStore|x64.ActiveCfg = Debug|Any CPU
		{768D4CCB-B955-447B-924E-5A08FF3953F4}.AppStore|x64.Build.0 = Debug|Any CPU
		{768D4CCB-B955-447B-924E-5A08FF3953F4}.AppStore|x86.ActiveCfg = Debug|Any CPU
		{768D4CCB-B955-447B-924E-5A08FF3953F4}.AppStore|x86.Build.0 = Debug|Any CPU
		{768D4CCB-B955-447B-924E-5A08FF3953F4}.Debug|Any CPU.ActiveCfg = Debug|Any CPU
		{768D4CCB-B955-447B-924E-5A08FF3953F4}.Debug|Any CPU.Build.0 = Debug|Any CPU
		{768D4CCB-B955-447B-924E-5A08FF3953F4}.Debug|ARM.ActiveCfg = Debug|Any CPU
		{768D4CCB-B955-447B-924E-5A08FF3953F4}.Debug|ARM.Build.0 = Debug|Any CPU
		{768D4CCB-B955-447B-924E-5A08FF3953F4}.Debug|iPhone.ActiveCfg = Debug|Any CPU
		{768D4CCB-B955-447B-924E-5A08FF3953F4}.Debug|iPhone.Build.0 = Debug|Any CPU
		{768D4CCB-B955-447B-924E-5A08FF3953F4}.Debug|iPhoneSimulator.ActiveCfg = Debug|Any CPU
		{768D4CCB-B955-447B-924E-5A08FF3953F4}.Debug|iPhoneSimulator.Build.0 = Debug|Any CPU
		{768D4CCB-B955-447B-924E-5A08FF3953F4}.Debug|x64.ActiveCfg = Debug|Any CPU
		{768D4CCB-B955-447B-924E-5A08FF3953F4}.Debug|x64.Build.0 = Debug|Any CPU
		{768D4CCB-B955-447B-924E-5A08FF3953F4}.Debug|x86.ActiveCfg = Debug|Any CPU
		{768D4CCB-B955-447B-924E-5A08FF3953F4}.Debug|x86.Build.0 = Debug|Any CPU
		{768D4CCB-B955-447B-924E-5A08FF3953F4}.Release|Any CPU.ActiveCfg = Release|Any CPU
		{768D4CCB-B955-447B-924E-5A08FF3953F4}.Release|Any CPU.Build.0 = Release|Any CPU
		{768D4CCB-B955-447B-924E-5A08FF3953F4}.Release|ARM.ActiveCfg = Release|Any CPU
		{768D4CCB-B955-447B-924E-5A08FF3953F4}.Release|ARM.Build.0 = Release|Any CPU
		{768D4CCB-B955-447B-924E-5A08FF3953F4}.Release|iPhone.ActiveCfg = Release|Any CPU
		{768D4CCB-B955-447B-924E-5A08FF3953F4}.Release|iPhone.Build.0 = Release|Any CPU
		{768D4CCB-B955-447B-924E-5A08FF3953F4}.Release|iPhoneSimulator.ActiveCfg = Release|Any CPU
		{768D4CCB-B955-447B-924E-5A08FF3953F4}.Release|iPhoneSimulator.Build.0 = Release|Any CPU
		{768D4CCB-B955-447B-924E-5A08FF3953F4}.Release|x64.ActiveCfg = Release|Any CPU
		{768D4CCB-B955-447B-924E-5A08FF3953F4}.Release|x64.Build.0 = Release|Any CPU
		{768D4CCB-B955-447B-924E-5A08FF3953F4}.Release|x86.ActiveCfg = Release|Any CPU
		{768D4CCB-B955-447B-924E-5A08FF3953F4}.Release|x86.Build.0 = Release|Any CPU
		{2B49EF39-6EA7-444F-BC92-AA7D52DA0390}.Ad-Hoc|Any CPU.ActiveCfg = Debug|Any CPU
		{2B49EF39-6EA7-444F-BC92-AA7D52DA0390}.Ad-Hoc|Any CPU.Build.0 = Debug|Any CPU
		{2B49EF39-6EA7-444F-BC92-AA7D52DA0390}.Ad-Hoc|ARM.ActiveCfg = Debug|Any CPU
		{2B49EF39-6EA7-444F-BC92-AA7D52DA0390}.Ad-Hoc|ARM.Build.0 = Debug|Any CPU
		{2B49EF39-6EA7-444F-BC92-AA7D52DA0390}.Ad-Hoc|iPhone.ActiveCfg = Debug|Any CPU
		{2B49EF39-6EA7-444F-BC92-AA7D52DA0390}.Ad-Hoc|iPhone.Build.0 = Debug|Any CPU
		{2B49EF39-6EA7-444F-BC92-AA7D52DA0390}.Ad-Hoc|iPhoneSimulator.ActiveCfg = Debug|Any CPU
		{2B49EF39-6EA7-444F-BC92-AA7D52DA0390}.Ad-Hoc|iPhoneSimulator.Build.0 = Debug|Any CPU
		{2B49EF39-6EA7-444F-BC92-AA7D52DA0390}.Ad-Hoc|x64.ActiveCfg = Debug|Any CPU
		{2B49EF39-6EA7-444F-BC92-AA7D52DA0390}.Ad-Hoc|x64.Build.0 = Debug|Any CPU
		{2B49EF39-6EA7-444F-BC92-AA7D52DA0390}.Ad-Hoc|x86.ActiveCfg = Debug|Any CPU
		{2B49EF39-6EA7-444F-BC92-AA7D52DA0390}.Ad-Hoc|x86.Build.0 = Debug|Any CPU
		{2B49EF39-6EA7-444F-BC92-AA7D52DA0390}.AppStore|Any CPU.ActiveCfg = Debug|Any CPU
		{2B49EF39-6EA7-444F-BC92-AA7D52DA0390}.AppStore|Any CPU.Build.0 = Debug|Any CPU
		{2B49EF39-6EA7-444F-BC92-AA7D52DA0390}.AppStore|ARM.ActiveCfg = Debug|Any CPU
		{2B49EF39-6EA7-444F-BC92-AA7D52DA0390}.AppStore|ARM.Build.0 = Debug|Any CPU
		{2B49EF39-6EA7-444F-BC92-AA7D52DA0390}.AppStore|iPhone.ActiveCfg = Debug|Any CPU
		{2B49EF39-6EA7-444F-BC92-AA7D52DA0390}.AppStore|iPhone.Build.0 = Debug|Any CPU
		{2B49EF39-6EA7-444F-BC92-AA7D52DA0390}.AppStore|iPhoneSimulator.ActiveCfg = Debug|Any CPU
		{2B49EF39-6EA7-444F-BC92-AA7D52DA0390}.AppStore|iPhoneSimulator.Build.0 = Debug|Any CPU
		{2B49EF39-6EA7-444F-BC92-AA7D52DA0390}.AppStore|x64.ActiveCfg = Debug|Any CPU
		{2B49EF39-6EA7-444F-BC92-AA7D52DA0390}.AppStore|x64.Build.0 = Debug|Any CPU
		{2B49EF39-6EA7-444F-BC92-AA7D52DA0390}.AppStore|x86.ActiveCfg = Debug|Any CPU
		{2B49EF39-6EA7-444F-BC92-AA7D52DA0390}.AppStore|x86.Build.0 = Debug|Any CPU
		{2B49EF39-6EA7-444F-BC92-AA7D52DA0390}.Debug|Any CPU.ActiveCfg = Debug|Any CPU
		{2B49EF39-6EA7-444F-BC92-AA7D52DA0390}.Debug|Any CPU.Build.0 = Debug|Any CPU
		{2B49EF39-6EA7-444F-BC92-AA7D52DA0390}.Debug|ARM.ActiveCfg = Debug|Any CPU
		{2B49EF39-6EA7-444F-BC92-AA7D52DA0390}.Debug|ARM.Build.0 = Debug|Any CPU
		{2B49EF39-6EA7-444F-BC92-AA7D52DA0390}.Debug|iPhone.ActiveCfg = Debug|Any CPU
		{2B49EF39-6EA7-444F-BC92-AA7D52DA0390}.Debug|iPhone.Build.0 = Debug|Any CPU
		{2B49EF39-6EA7-444F-BC92-AA7D52DA0390}.Debug|iPhoneSimulator.ActiveCfg = Debug|Any CPU
		{2B49EF39-6EA7-444F-BC92-AA7D52DA0390}.Debug|iPhoneSimulator.Build.0 = Debug|Any CPU
		{2B49EF39-6EA7-444F-BC92-AA7D52DA0390}.Debug|x64.ActiveCfg = Debug|Any CPU
		{2B49EF39-6EA7-444F-BC92-AA7D52DA0390}.Debug|x64.Build.0 = Debug|Any CPU
		{2B49EF39-6EA7-444F-BC92-AA7D52DA0390}.Debug|x86.ActiveCfg = Debug|Any CPU
		{2B49EF39-6EA7-444F-BC92-AA7D52DA0390}.Debug|x86.Build.0 = Debug|Any CPU
		{2B49EF39-6EA7-444F-BC92-AA7D52DA0390}.Release|Any CPU.ActiveCfg = Release|Any CPU
		{2B49EF39-6EA7-444F-BC92-AA7D52DA0390}.Release|Any CPU.Build.0 = Release|Any CPU
		{2B49EF39-6EA7-444F-BC92-AA7D52DA0390}.Release|ARM.ActiveCfg = Release|Any CPU
		{2B49EF39-6EA7-444F-BC92-AA7D52DA0390}.Release|ARM.Build.0 = Release|Any CPU
		{2B49EF39-6EA7-444F-BC92-AA7D52DA0390}.Release|iPhone.ActiveCfg = Release|Any CPU
		{2B49EF39-6EA7-444F-BC92-AA7D52DA0390}.Release|iPhone.Build.0 = Release|Any CPU
		{2B49EF39-6EA7-444F-BC92-AA7D52DA0390}.Release|iPhoneSimulator.ActiveCfg = Release|Any CPU
		{2B49EF39-6EA7-444F-BC92-AA7D52DA0390}.Release|iPhoneSimulator.Build.0 = Release|Any CPU
		{2B49EF39-6EA7-444F-BC92-AA7D52DA0390}.Release|x64.ActiveCfg = Release|Any CPU
		{2B49EF39-6EA7-444F-BC92-AA7D52DA0390}.Release|x64.Build.0 = Release|Any CPU
		{2B49EF39-6EA7-444F-BC92-AA7D52DA0390}.Release|x86.ActiveCfg = Release|Any CPU
		{2B49EF39-6EA7-444F-BC92-AA7D52DA0390}.Release|x86.Build.0 = Release|Any CPU
		{86AA1327-4AB8-44FD-94BC-35D00F49AC31}.Ad-Hoc|Any CPU.ActiveCfg = Release|Any CPU
		{86AA1327-4AB8-44FD-94BC-35D00F49AC31}.Ad-Hoc|Any CPU.Build.0 = Release|Any CPU
		{86AA1327-4AB8-44FD-94BC-35D00F49AC31}.Ad-Hoc|ARM.ActiveCfg = Release|Any CPU
		{86AA1327-4AB8-44FD-94BC-35D00F49AC31}.Ad-Hoc|ARM.Build.0 = Release|Any CPU
		{86AA1327-4AB8-44FD-94BC-35D00F49AC31}.Ad-Hoc|iPhone.ActiveCfg = Release|Any CPU
		{86AA1327-4AB8-44FD-94BC-35D00F49AC31}.Ad-Hoc|iPhone.Build.0 = Release|Any CPU
		{86AA1327-4AB8-44FD-94BC-35D00F49AC31}.Ad-Hoc|iPhoneSimulator.ActiveCfg = Release|Any CPU
		{86AA1327-4AB8-44FD-94BC-35D00F49AC31}.Ad-Hoc|iPhoneSimulator.Build.0 = Release|Any CPU
		{86AA1327-4AB8-44FD-94BC-35D00F49AC31}.Ad-Hoc|x64.ActiveCfg = Release|Any CPU
		{86AA1327-4AB8-44FD-94BC-35D00F49AC31}.Ad-Hoc|x64.Build.0 = Release|Any CPU
		{86AA1327-4AB8-44FD-94BC-35D00F49AC31}.Ad-Hoc|x86.ActiveCfg = Release|Any CPU
		{86AA1327-4AB8-44FD-94BC-35D00F49AC31}.Ad-Hoc|x86.Build.0 = Release|Any CPU
		{86AA1327-4AB8-44FD-94BC-35D00F49AC31}.AppStore|Any CPU.ActiveCfg = Release|Any CPU
		{86AA1327-4AB8-44FD-94BC-35D00F49AC31}.AppStore|Any CPU.Build.0 = Release|Any CPU
		{86AA1327-4AB8-44FD-94BC-35D00F49AC31}.AppStore|ARM.ActiveCfg = Release|Any CPU
		{86AA1327-4AB8-44FD-94BC-35D00F49AC31}.AppStore|ARM.Build.0 = Release|Any CPU
		{86AA1327-4AB8-44FD-94BC-35D00F49AC31}.AppStore|iPhone.ActiveCfg = Release|Any CPU
		{86AA1327-4AB8-44FD-94BC-35D00F49AC31}.AppStore|iPhone.Build.0 = Release|Any CPU
		{86AA1327-4AB8-44FD-94BC-35D00F49AC31}.AppStore|iPhoneSimulator.ActiveCfg = Release|Any CPU
		{86AA1327-4AB8-44FD-94BC-35D00F49AC31}.AppStore|iPhoneSimulator.Build.0 = Release|Any CPU
		{86AA1327-4AB8-44FD-94BC-35D00F49AC31}.AppStore|x64.ActiveCfg = Release|Any CPU
		{86AA1327-4AB8-44FD-94BC-35D00F49AC31}.AppStore|x64.Build.0 = Release|Any CPU
		{86AA1327-4AB8-44FD-94BC-35D00F49AC31}.AppStore|x86.ActiveCfg = Release|Any CPU
		{86AA1327-4AB8-44FD-94BC-35D00F49AC31}.AppStore|x86.Build.0 = Release|Any CPU
		{86AA1327-4AB8-44FD-94BC-35D00F49AC31}.Debug|Any CPU.ActiveCfg = Debug|Any CPU
		{86AA1327-4AB8-44FD-94BC-35D00F49AC31}.Debug|Any CPU.Build.0 = Debug|Any CPU
		{86AA1327-4AB8-44FD-94BC-35D00F49AC31}.Debug|ARM.ActiveCfg = Debug|Any CPU
		{86AA1327-4AB8-44FD-94BC-35D00F49AC31}.Debug|ARM.Build.0 = Debug|Any CPU
		{86AA1327-4AB8-44FD-94BC-35D00F49AC31}.Debug|iPhone.ActiveCfg = Debug|Any CPU
		{86AA1327-4AB8-44FD-94BC-35D00F49AC31}.Debug|iPhone.Build.0 = Debug|Any CPU
		{86AA1327-4AB8-44FD-94BC-35D00F49AC31}.Debug|iPhoneSimulator.ActiveCfg = Debug|Any CPU
		{86AA1327-4AB8-44FD-94BC-35D00F49AC31}.Debug|iPhoneSimulator.Build.0 = Debug|Any CPU
		{86AA1327-4AB8-44FD-94BC-35D00F49AC31}.Debug|x64.ActiveCfg = Debug|Any CPU
		{86AA1327-4AB8-44FD-94BC-35D00F49AC31}.Debug|x64.Build.0 = Debug|Any CPU
		{86AA1327-4AB8-44FD-94BC-35D00F49AC31}.Debug|x86.ActiveCfg = Debug|Any CPU
		{86AA1327-4AB8-44FD-94BC-35D00F49AC31}.Debug|x86.Build.0 = Debug|Any CPU
		{86AA1327-4AB8-44FD-94BC-35D00F49AC31}.Release|Any CPU.ActiveCfg = Release|Any CPU
		{86AA1327-4AB8-44FD-94BC-35D00F49AC31}.Release|Any CPU.Build.0 = Release|Any CPU
		{86AA1327-4AB8-44FD-94BC-35D00F49AC31}.Release|ARM.ActiveCfg = Release|Any CPU
		{86AA1327-4AB8-44FD-94BC-35D00F49AC31}.Release|ARM.Build.0 = Release|Any CPU
		{86AA1327-4AB8-44FD-94BC-35D00F49AC31}.Release|iPhone.ActiveCfg = Release|Any CPU
		{86AA1327-4AB8-44FD-94BC-35D00F49AC31}.Release|iPhone.Build.0 = Release|Any CPU
		{86AA1327-4AB8-44FD-94BC-35D00F49AC31}.Release|iPhoneSimulator.ActiveCfg = Release|Any CPU
		{86AA1327-4AB8-44FD-94BC-35D00F49AC31}.Release|iPhoneSimulator.Build.0 = Release|Any CPU
		{86AA1327-4AB8-44FD-94BC-35D00F49AC31}.Release|x64.ActiveCfg = Release|Any CPU
		{86AA1327-4AB8-44FD-94BC-35D00F49AC31}.Release|x64.Build.0 = Release|Any CPU
		{86AA1327-4AB8-44FD-94BC-35D00F49AC31}.Release|x86.ActiveCfg = Release|Any CPU
		{86AA1327-4AB8-44FD-94BC-35D00F49AC31}.Release|x86.Build.0 = Release|Any CPU
		{98320D14-37A7-41F5-816B-7C85DB1BCEBB}.Ad-Hoc|Any CPU.ActiveCfg = Release|Any CPU
		{98320D14-37A7-41F5-816B-7C85DB1BCEBB}.Ad-Hoc|Any CPU.Build.0 = Release|Any CPU
		{98320D14-37A7-41F5-816B-7C85DB1BCEBB}.Ad-Hoc|ARM.ActiveCfg = Release|Any CPU
		{98320D14-37A7-41F5-816B-7C85DB1BCEBB}.Ad-Hoc|ARM.Build.0 = Release|Any CPU
		{98320D14-37A7-41F5-816B-7C85DB1BCEBB}.Ad-Hoc|iPhone.ActiveCfg = Release|Any CPU
		{98320D14-37A7-41F5-816B-7C85DB1BCEBB}.Ad-Hoc|iPhone.Build.0 = Release|Any CPU
		{98320D14-37A7-41F5-816B-7C85DB1BCEBB}.Ad-Hoc|iPhoneSimulator.ActiveCfg = Release|Any CPU
		{98320D14-37A7-41F5-816B-7C85DB1BCEBB}.Ad-Hoc|iPhoneSimulator.Build.0 = Release|Any CPU
		{98320D14-37A7-41F5-816B-7C85DB1BCEBB}.Ad-Hoc|x64.ActiveCfg = Release|Any CPU
		{98320D14-37A7-41F5-816B-7C85DB1BCEBB}.Ad-Hoc|x64.Build.0 = Release|Any CPU
		{98320D14-37A7-41F5-816B-7C85DB1BCEBB}.Ad-Hoc|x86.ActiveCfg = Release|Any CPU
		{98320D14-37A7-41F5-816B-7C85DB1BCEBB}.Ad-Hoc|x86.Build.0 = Release|Any CPU
		{98320D14-37A7-41F5-816B-7C85DB1BCEBB}.AppStore|Any CPU.ActiveCfg = Release|Any CPU
		{98320D14-37A7-41F5-816B-7C85DB1BCEBB}.AppStore|Any CPU.Build.0 = Release|Any CPU
		{98320D14-37A7-41F5-816B-7C85DB1BCEBB}.AppStore|ARM.ActiveCfg = Release|Any CPU
		{98320D14-37A7-41F5-816B-7C85DB1BCEBB}.AppStore|ARM.Build.0 = Release|Any CPU
		{98320D14-37A7-41F5-816B-7C85DB1BCEBB}.AppStore|iPhone.ActiveCfg = Release|Any CPU
		{98320D14-37A7-41F5-816B-7C85DB1BCEBB}.AppStore|iPhone.Build.0 = Release|Any CPU
		{98320D14-37A7-41F5-816B-7C85DB1BCEBB}.AppStore|iPhoneSimulator.ActiveCfg = Release|Any CPU
		{98320D14-37A7-41F5-816B-7C85DB1BCEBB}.AppStore|iPhoneSimulator.Build.0 = Release|Any CPU
		{98320D14-37A7-41F5-816B-7C85DB1BCEBB}.AppStore|x64.ActiveCfg = Release|Any CPU
		{98320D14-37A7-41F5-816B-7C85DB1BCEBB}.AppStore|x64.Build.0 = Release|Any CPU
		{98320D14-37A7-41F5-816B-7C85DB1BCEBB}.AppStore|x86.ActiveCfg = Release|Any CPU
		{98320D14-37A7-41F5-816B-7C85DB1BCEBB}.AppStore|x86.Build.0 = Release|Any CPU
		{98320D14-37A7-41F5-816B-7C85DB1BCEBB}.Debug|Any CPU.ActiveCfg = Debug|Any CPU
		{98320D14-37A7-41F5-816B-7C85DB1BCEBB}.Debug|Any CPU.Build.0 = Debug|Any CPU
		{98320D14-37A7-41F5-816B-7C85DB1BCEBB}.Debug|ARM.ActiveCfg = Debug|Any CPU
		{98320D14-37A7-41F5-816B-7C85DB1BCEBB}.Debug|ARM.Build.0 = Debug|Any CPU
		{98320D14-37A7-41F5-816B-7C85DB1BCEBB}.Debug|iPhone.ActiveCfg = Debug|Any CPU
		{98320D14-37A7-41F5-816B-7C85DB1BCEBB}.Debug|iPhone.Build.0 = Debug|Any CPU
		{98320D14-37A7-41F5-816B-7C85DB1BCEBB}.Debug|iPhoneSimulator.ActiveCfg = Debug|Any CPU
		{98320D14-37A7-41F5-816B-7C85DB1BCEBB}.Debug|iPhoneSimulator.Build.0 = Debug|Any CPU
		{98320D14-37A7-41F5-816B-7C85DB1BCEBB}.Debug|x64.ActiveCfg = Debug|Any CPU
		{98320D14-37A7-41F5-816B-7C85DB1BCEBB}.Debug|x64.Build.0 = Debug|Any CPU
		{98320D14-37A7-41F5-816B-7C85DB1BCEBB}.Debug|x86.ActiveCfg = Debug|Any CPU
		{98320D14-37A7-41F5-816B-7C85DB1BCEBB}.Debug|x86.Build.0 = Debug|Any CPU
		{98320D14-37A7-41F5-816B-7C85DB1BCEBB}.Release|Any CPU.ActiveCfg = Release|Any CPU
		{98320D14-37A7-41F5-816B-7C85DB1BCEBB}.Release|Any CPU.Build.0 = Release|Any CPU
		{98320D14-37A7-41F5-816B-7C85DB1BCEBB}.Release|ARM.ActiveCfg = Release|Any CPU
		{98320D14-37A7-41F5-816B-7C85DB1BCEBB}.Release|ARM.Build.0 = Release|Any CPU
		{98320D14-37A7-41F5-816B-7C85DB1BCEBB}.Release|iPhone.ActiveCfg = Release|Any CPU
		{98320D14-37A7-41F5-816B-7C85DB1BCEBB}.Release|iPhone.Build.0 = Release|Any CPU
		{98320D14-37A7-41F5-816B-7C85DB1BCEBB}.Release|iPhoneSimulator.ActiveCfg = Release|Any CPU
		{98320D14-37A7-41F5-816B-7C85DB1BCEBB}.Release|iPhoneSimulator.Build.0 = Release|Any CPU
		{98320D14-37A7-41F5-816B-7C85DB1BCEBB}.Release|x64.ActiveCfg = Release|Any CPU
		{98320D14-37A7-41F5-816B-7C85DB1BCEBB}.Release|x64.Build.0 = Release|Any CPU
		{98320D14-37A7-41F5-816B-7C85DB1BCEBB}.Release|x86.ActiveCfg = Release|Any CPU
		{98320D14-37A7-41F5-816B-7C85DB1BCEBB}.Release|x86.Build.0 = Release|Any CPU
		{B7531473-A6E8-455F-9FA7-7CA2387BA76E}.Ad-Hoc|Any CPU.ActiveCfg = Release|Any CPU
		{B7531473-A6E8-455F-9FA7-7CA2387BA76E}.Ad-Hoc|Any CPU.Build.0 = Release|Any CPU
		{B7531473-A6E8-455F-9FA7-7CA2387BA76E}.Ad-Hoc|ARM.ActiveCfg = Release|Any CPU
		{B7531473-A6E8-455F-9FA7-7CA2387BA76E}.Ad-Hoc|ARM.Build.0 = Release|Any CPU
		{B7531473-A6E8-455F-9FA7-7CA2387BA76E}.Ad-Hoc|iPhone.ActiveCfg = Release|Any CPU
		{B7531473-A6E8-455F-9FA7-7CA2387BA76E}.Ad-Hoc|iPhone.Build.0 = Release|Any CPU
		{B7531473-A6E8-455F-9FA7-7CA2387BA76E}.Ad-Hoc|iPhoneSimulator.ActiveCfg = Release|Any CPU
		{B7531473-A6E8-455F-9FA7-7CA2387BA76E}.Ad-Hoc|iPhoneSimulator.Build.0 = Release|Any CPU
		{B7531473-A6E8-455F-9FA7-7CA2387BA76E}.Ad-Hoc|x64.ActiveCfg = Release|Any CPU
		{B7531473-A6E8-455F-9FA7-7CA2387BA76E}.Ad-Hoc|x64.Build.0 = Release|Any CPU
		{B7531473-A6E8-455F-9FA7-7CA2387BA76E}.Ad-Hoc|x86.ActiveCfg = Release|Any CPU
		{B7531473-A6E8-455F-9FA7-7CA2387BA76E}.Ad-Hoc|x86.Build.0 = Release|Any CPU
		{B7531473-A6E8-455F-9FA7-7CA2387BA76E}.AppStore|Any CPU.ActiveCfg = Release|Any CPU
		{B7531473-A6E8-455F-9FA7-7CA2387BA76E}.AppStore|Any CPU.Build.0 = Release|Any CPU
		{B7531473-A6E8-455F-9FA7-7CA2387BA76E}.AppStore|ARM.ActiveCfg = Release|Any CPU
		{B7531473-A6E8-455F-9FA7-7CA2387BA76E}.AppStore|ARM.Build.0 = Release|Any CPU
		{B7531473-A6E8-455F-9FA7-7CA2387BA76E}.AppStore|iPhone.ActiveCfg = Release|Any CPU
		{B7531473-A6E8-455F-9FA7-7CA2387BA76E}.AppStore|iPhone.Build.0 = Release|Any CPU
		{B7531473-A6E8-455F-9FA7-7CA2387BA76E}.AppStore|iPhoneSimulator.ActiveCfg = Release|Any CPU
		{B7531473-A6E8-455F-9FA7-7CA2387BA76E}.AppStore|iPhoneSimulator.Build.0 = Release|Any CPU
		{B7531473-A6E8-455F-9FA7-7CA2387BA76E}.AppStore|x64.ActiveCfg = Release|Any CPU
		{B7531473-A6E8-455F-9FA7-7CA2387BA76E}.AppStore|x64.Build.0 = Release|Any CPU
		{B7531473-A6E8-455F-9FA7-7CA2387BA76E}.AppStore|x86.ActiveCfg = Release|Any CPU
		{B7531473-A6E8-455F-9FA7-7CA2387BA76E}.AppStore|x86.Build.0 = Release|Any CPU
		{B7531473-A6E8-455F-9FA7-7CA2387BA76E}.Debug|Any CPU.ActiveCfg = Debug|Any CPU
		{B7531473-A6E8-455F-9FA7-7CA2387BA76E}.Debug|Any CPU.Build.0 = Debug|Any CPU
		{B7531473-A6E8-455F-9FA7-7CA2387BA76E}.Debug|ARM.ActiveCfg = Debug|Any CPU
		{B7531473-A6E8-455F-9FA7-7CA2387BA76E}.Debug|ARM.Build.0 = Debug|Any CPU
		{B7531473-A6E8-455F-9FA7-7CA2387BA76E}.Debug|iPhone.ActiveCfg = Debug|Any CPU
		{B7531473-A6E8-455F-9FA7-7CA2387BA76E}.Debug|iPhone.Build.0 = Debug|Any CPU
		{B7531473-A6E8-455F-9FA7-7CA2387BA76E}.Debug|iPhoneSimulator.ActiveCfg = Debug|Any CPU
		{B7531473-A6E8-455F-9FA7-7CA2387BA76E}.Debug|iPhoneSimulator.Build.0 = Debug|Any CPU
		{B7531473-A6E8-455F-9FA7-7CA2387BA76E}.Debug|x64.ActiveCfg = Debug|Any CPU
		{B7531473-A6E8-455F-9FA7-7CA2387BA76E}.Debug|x64.Build.0 = Debug|Any CPU
		{B7531473-A6E8-455F-9FA7-7CA2387BA76E}.Debug|x86.ActiveCfg = Debug|Any CPU
		{B7531473-A6E8-455F-9FA7-7CA2387BA76E}.Debug|x86.Build.0 = Debug|Any CPU
		{B7531473-A6E8-455F-9FA7-7CA2387BA76E}.Release|Any CPU.ActiveCfg = Release|Any CPU
		{B7531473-A6E8-455F-9FA7-7CA2387BA76E}.Release|Any CPU.Build.0 = Release|Any CPU
		{B7531473-A6E8-455F-9FA7-7CA2387BA76E}.Release|ARM.ActiveCfg = Release|Any CPU
		{B7531473-A6E8-455F-9FA7-7CA2387BA76E}.Release|ARM.Build.0 = Release|Any CPU
		{B7531473-A6E8-455F-9FA7-7CA2387BA76E}.Release|iPhone.ActiveCfg = Release|Any CPU
		{B7531473-A6E8-455F-9FA7-7CA2387BA76E}.Release|iPhone.Build.0 = Release|Any CPU
		{B7531473-A6E8-455F-9FA7-7CA2387BA76E}.Release|iPhoneSimulator.ActiveCfg = Release|Any CPU
		{B7531473-A6E8-455F-9FA7-7CA2387BA76E}.Release|iPhoneSimulator.Build.0 = Release|Any CPU
		{B7531473-A6E8-455F-9FA7-7CA2387BA76E}.Release|x64.ActiveCfg = Release|Any CPU
		{B7531473-A6E8-455F-9FA7-7CA2387BA76E}.Release|x64.Build.0 = Release|Any CPU
		{B7531473-A6E8-455F-9FA7-7CA2387BA76E}.Release|x86.ActiveCfg = Release|Any CPU
		{B7531473-A6E8-455F-9FA7-7CA2387BA76E}.Release|x86.Build.0 = Release|Any CPU
	EndGlobalSection
	GlobalSection(SolutionProperties) = preSolution
		HideSolutionNode = FALSE
	EndGlobalSection
	GlobalSection(NestedProjects) = preSolution
		{073940B1-B77A-4F56-82F1-EC5513BD1392} = {DA4C7992-185C-463F-A38C-D06BE7F6E460}
		{EED1133A-F471-4B15-89C8-9F92AF63CFD7} = {DA4C7992-185C-463F-A38C-D06BE7F6E460}
		{3340CC41-192B-43C8-8316-9D3E8F0477BB} = {DA4C7992-185C-463F-A38C-D06BE7F6E460}
		{4E1962BC-63B7-4925-8395-A85205CF6D80} = {DA4C7992-185C-463F-A38C-D06BE7F6E460}
		{C366C149-61B9-4757-830F-40A9F8FCFB48} = {DA4C7992-185C-463F-A38C-D06BE7F6E460}
		{6C68077B-133C-4FFA-A3A5-78B6AB928A15} = {DA4C7992-185C-463F-A38C-D06BE7F6E460}
		{F02A9927-2EC8-4A4A-A8A4-427B4F9CBCD1} = {DA4C7992-185C-463F-A38C-D06BE7F6E460}
		{768D4CCB-B955-447B-924E-5A08FF3953F4} = {DA4C7992-185C-463F-A38C-D06BE7F6E460}
		{2B49EF39-6EA7-444F-BC92-AA7D52DA0390} = {DA4C7992-185C-463F-A38C-D06BE7F6E460}
		{86AA1327-4AB8-44FD-94BC-35D00F49AC31} = {F6D72A5E-C09D-49CC-BCD4-905B0BCDF4CC}
		{98320D14-37A7-41F5-816B-7C85DB1BCEBB} = {F6D72A5E-C09D-49CC-BCD4-905B0BCDF4CC}
		{B7531473-A6E8-455F-9FA7-7CA2387BA76E} = {F6D72A5E-C09D-49CC-BCD4-905B0BCDF4CC}
	EndGlobalSection
	GlobalSection(ExtensibilityGlobals) = postSolution
		SolutionGuid = {BF999796-8F1B-4E9E-91A2-6B679CD96140}
	EndGlobalSection
EndGlobal
